// !$*UTF8*$!
{
	archiveVersion = 1;
	classes = {
	};
	objectVersion = 48;
	objects = {

/* Begin PBXBuildFile section */
		051DB8B42072824500963D88 /* PreferencesColorItem.swift in Sources */ = {isa = PBXBuildFile; fileRef = 051DB8B32072824500963D88 /* PreferencesColorItem.swift */; };
		0529D8C12068EA020072B1A5 /* MainMenu.xib in Resources */ = {isa = PBXBuildFile; fileRef = 0529D8BF2068EA020072B1A5 /* MainMenu.xib */; };
		0529D8CA2068EAE90072B1A5 /* ApplicationDelegate.swift in Sources */ = {isa = PBXBuildFile; fileRef = 0529D8C92068EAE90072B1A5 /* ApplicationDelegate.swift */; };
		0529D8CE2068EB8A0072B1A5 /* Grid.swift in Sources */ = {isa = PBXBuildFile; fileRef = 0529D8CD2068EB8A0072B1A5 /* Grid.swift */; };
		052B0725206D806E00935104 /* AboutWindowController.swift in Sources */ = {isa = PBXBuildFile; fileRef = 052B0723206D806B00935104 /* AboutWindowController.swift */; };
		052B0726206D816F00935104 /* GOL.AboutWindowController.xib in Resources */ = {isa = PBXBuildFile; fileRef = 052B0721206D805400935104 /* GOL.AboutWindowController.xib */; };
		052B0732206D81E600935104 /* Preferences.swift in Sources */ = {isa = PBXBuildFile; fileRef = 052B0727206D81DC00935104 /* Preferences.swift */; };
		052B0734206D829800935104 /* Defaults.plist in Resources */ = {isa = PBXBuildFile; fileRef = 052B0733206D829800935104 /* Defaults.plist */; };
		052B0739206D885800935104 /* GOL.PreferencesWindowController.xib in Resources */ = {isa = PBXBuildFile; fileRef = 052B0737206D885800935104 /* GOL.PreferencesWindowController.xib */; };
		052B073B206D886700935104 /* PreferencesWindowController.swift in Sources */ = {isa = PBXBuildFile; fileRef = 052B073A206D886700935104 /* PreferencesWindowController.swift */; };
		052D1A17208544290076E3E3 /* LibraryItem.swift in Sources */ = {isa = PBXBuildFile; fileRef = 052D1A16208544290076E3E3 /* LibraryItem.swift */; };
		052EDC06208A530D002B48AF /* Library in Resources */ = {isa = PBXBuildFile; fileRef = 052EDC05208A530D002B48AF /* Library */; };
		0531D6EE20866ED500C86639 /* LibraryItemView.swift in Sources */ = {isa = PBXBuildFile; fileRef = 0531D6ED20866ED500C86639 /* LibraryItemView.swift */; };
		0532BC1F206EB60800807903 /* Data.swift in Sources */ = {isa = PBXBuildFile; fileRef = 0532BC1D206EB60400807903 /* Data.swift */; };
		05356FDB20692A3B002178E3 /* ContiguousArray.swift in Sources */ = {isa = PBXBuildFile; fileRef = 05356FDA20692A3B002178E3 /* ContiguousArray.swift */; };
		053571582069792A002178E3 /* MainWindowController.swift in Sources */ = {isa = PBXBuildFile; fileRef = 053571572069792A002178E3 /* MainWindowController.swift */; };
		0535715B20697963002178E3 /* GOL.MainWindowController.xib in Resources */ = {isa = PBXBuildFile; fileRef = 0535715920697963002178E3 /* GOL.MainWindowController.xib */; };
		0535715E20697CF5002178E3 /* GridView.swift in Sources */ = {isa = PBXBuildFile; fileRef = 0535715D20697CF5002178E3 /* GridView.swift */; };
		0535716020698C81002178E3 /* NSColor.swift in Sources */ = {isa = PBXBuildFile; fileRef = 0535715F20698C81002178E3 /* NSColor.swift */; };
		05357169206A347C002178E3 /* Array.swift in Sources */ = {isa = PBXBuildFile; fileRef = 05357168206A347C002178E3 /* Array.swift */; };
		0535DAE72071238A00184579 /* GOL.icns in Resources */ = {isa = PBXBuildFile; fileRef = 0535DAE62071237300184579 /* GOL.icns */; };
		0535DAE92071248100184579 /* GOL-Save.icns in Resources */ = {isa = PBXBuildFile; fileRef = 0535DAE82071246900184579 /* GOL-Save.icns */; };
		05394948206673AC00C20FA3 /* main.cpp in Sources */ = {isa = PBXBuildFile; fileRef = 05394947206673AC00C20FA3 /* main.cpp */; };
		053949882066752C00C20FA3 /* libncurses.tbd in Frameworks */ = {isa = PBXBuildFile; fileRef = 053949872066752C00C20FA3 /* libncurses.tbd */; };
		0539498C20667A9F00C20FA3 /* Cell.cpp in Sources */ = {isa = PBXBuildFile; fileRef = 0539498A20667A9F00C20FA3 /* Cell.cpp */; };
		0539499220667EFA00C20FA3 /* Screen.cpp in Sources */ = {isa = PBXBuildFile; fileRef = 0539499020667EFA00C20FA3 /* Screen.cpp */; };
		0539499420667F8F00C20FA3 /* libc++.tbd in Frameworks */ = {isa = PBXBuildFile; fileRef = 0539499320667F8F00C20FA3 /* libc++.tbd */; };
		053949CC2067F02C00C20FA3 /* Board.cpp in Sources */ = {isa = PBXBuildFile; fileRef = 053949CB2067F02B00C20FA3 /* Board.cpp */; };
		053949CD2067F3FF00C20FA3 /* Grid.cpp in Sources */ = {isa = PBXBuildFile; fileRef = 0539498D20667B6D00C20FA3 /* Grid.cpp */; };
		054607B72089171700D11485 /* Library.json in Resources */ = {isa = PBXBuildFile; fileRef = 054607B62089171700D11485 /* Library.json */; };
		05949A6F20853A2F00DC9C39 /* LibraryViewController.swift in Sources */ = {isa = PBXBuildFile; fileRef = 05949A6E20853A2F00DC9C39 /* LibraryViewController.swift */; };
		05949A7520853A6F00DC9C39 /* GOL.LibraryViewController.xib in Resources */ = {isa = PBXBuildFile; fileRef = 05949A7320853A6F00DC9C39 /* GOL.LibraryViewController.xib */; };
		05949A7720853ED300DC9C39 /* ColorView.swift in Sources */ = {isa = PBXBuildFile; fileRef = 05949A7620853ED300DC9C39 /* ColorView.swift */; };
		05F05FE520899B8300337CB6 /* LibraryWindowController.swift in Sources */ = {isa = PBXBuildFile; fileRef = 05F05FE420899B8300337CB6 /* LibraryWindowController.swift */; };
		05F05FE820899BBF00337CB6 /* GOL.LibraryWindowController.xib in Resources */ = {isa = PBXBuildFile; fileRef = 05F05FE620899BBF00337CB6 /* GOL.LibraryWindowController.xib */; };
		05F05FEB2089AB1000337CB6 /* RulerView.swift in Sources */ = {isa = PBXBuildFile; fileRef = 05F05FEA2089AB1000337CB6 /* RulerView.swift */; };
/* End PBXBuildFile section */

/* Begin PBXCopyFilesBuildPhase section */
		05394942206673AC00C20FA3 /* CopyFiles */ = {
			isa = PBXCopyFilesBuildPhase;
			buildActionMask = 2147483647;
			dstPath = /usr/share/man/man1/;
			dstSubfolderSpec = 0;
			files = (
			);
			runOnlyForDeploymentPostprocessing = 1;
		};
/* End PBXCopyFilesBuildPhase section */

/* Begin PBXFileReference section */
		051DB8B32072824500963D88 /* PreferencesColorItem.swift */ = {isa = PBXFileReference; lastKnownFileType = sourcecode.swift; path = PreferencesColorItem.swift; sourceTree = "<group>"; };
		0529D8B92068EA020072B1A5 /* Game Of Life.app */ = {isa = PBXFileReference; explicitFileType = wrapper.application; includeInIndex = 0; path = "Game Of Life.app"; sourceTree = BUILT_PRODUCTS_DIR; };
		0529D8C02068EA020072B1A5 /* Base */ = {isa = PBXFileReference; lastKnownFileType = file.xib; name = Base; path = Base.lproj/MainMenu.xib; sourceTree = "<group>"; };
		0529D8C22068EA020072B1A5 /* Info.plist */ = {isa = PBXFileReference; lastKnownFileType = text.plist.xml; path = Info.plist; sourceTree = "<group>"; };
		0529D8C92068EAE90072B1A5 /* ApplicationDelegate.swift */ = {isa = PBXFileReference; fileEncoding = 4; lastKnownFileType = sourcecode.swift; path = ApplicationDelegate.swift; sourceTree = "<group>"; };
		0529D8CD2068EB8A0072B1A5 /* Grid.swift */ = {isa = PBXFileReference; lastKnownFileType = sourcecode.swift; path = Grid.swift; sourceTree = "<group>"; };
		052B0722206D805400935104 /* Base */ = {isa = PBXFileReference; lastKnownFileType = file.xib; name = Base; path = Base.lproj/GOL.AboutWindowController.xib; sourceTree = "<group>"; };
		052B0723206D806B00935104 /* AboutWindowController.swift */ = {isa = PBXFileReference; fileEncoding = 4; lastKnownFileType = sourcecode.swift; path = AboutWindowController.swift; sourceTree = "<group>"; };
		052B0727206D81DC00935104 /* Preferences.swift */ = {isa = PBXFileReference; fileEncoding = 4; lastKnownFileType = sourcecode.swift; path = Preferences.swift; sourceTree = "<group>"; };
		052B0733206D829800935104 /* Defaults.plist */ = {isa = PBXFileReference; lastKnownFileType = text.plist.xml; path = Defaults.plist; sourceTree = "<group>"; };
		052B0738206D885800935104 /* Base */ = {isa = PBXFileReference; lastKnownFileType = file.xib; name = Base; path = Base.lproj/GOL.PreferencesWindowController.xib; sourceTree = "<group>"; };
		052B073A206D886700935104 /* PreferencesWindowController.swift */ = {isa = PBXFileReference; fileEncoding = 4; lastKnownFileType = sourcecode.swift; path = PreferencesWindowController.swift; sourceTree = "<group>"; };
		052D1A16208544290076E3E3 /* LibraryItem.swift */ = {isa = PBXFileReference; fileEncoding = 4; lastKnownFileType = sourcecode.swift; path = LibraryItem.swift; sourceTree = "<group>"; };
		052EDC05208A530D002B48AF /* Library */ = {isa = PBXFileReference; lastKnownFileType = folder; path = Library; sourceTree = "<group>"; };
		0531D6ED20866ED500C86639 /* LibraryItemView.swift */ = {isa = PBXFileReference; lastKnownFileType = sourcecode.swift; path = LibraryItemView.swift; sourceTree = "<group>"; };
		0532BC1C206EB35100807903 /* Game Of Life.entitlements */ = {isa = PBXFileReference; lastKnownFileType = text.plist.entitlements; path = "Game Of Life.entitlements"; sourceTree = "<group>"; };
		0532BC1D206EB60400807903 /* Data.swift */ = {isa = PBXFileReference; lastKnownFileType = sourcecode.swift; path = Data.swift; sourceTree = "<group>"; };
		05356FDA20692A3B002178E3 /* ContiguousArray.swift */ = {isa = PBXFileReference; lastKnownFileType = sourcecode.swift; path = ContiguousArray.swift; sourceTree = "<group>"; };
		053571572069792A002178E3 /* MainWindowController.swift */ = {isa = PBXFileReference; lastKnownFileType = sourcecode.swift; path = MainWindowController.swift; sourceTree = "<group>"; };
		0535715A20697963002178E3 /* Base */ = {isa = PBXFileReference; lastKnownFileType = file.xib; name = Base; path = Base.lproj/GOL.MainWindowController.xib; sourceTree = "<group>"; };
		0535715D20697CF5002178E3 /* GridView.swift */ = {isa = PBXFileReference; lastKnownFileType = sourcecode.swift; path = GridView.swift; sourceTree = "<group>"; };
		0535715F20698C81002178E3 /* NSColor.swift */ = {isa = PBXFileReference; lastKnownFileType = sourcecode.swift; path = NSColor.swift; sourceTree = "<group>"; };
		05357168206A347C002178E3 /* Array.swift */ = {isa = PBXFileReference; fileEncoding = 4; lastKnownFileType = sourcecode.swift; path = Array.swift; sourceTree = "<group>"; };
		0535DAE62071237300184579 /* GOL.icns */ = {isa = PBXFileReference; lastKnownFileType = image.icns; path = GOL.icns; sourceTree = "<group>"; };
		0535DAE82071246900184579 /* GOL-Save.icns */ = {isa = PBXFileReference; lastKnownFileType = image.icns; path = "GOL-Save.icns"; sourceTree = "<group>"; };
		05394944206673AC00C20FA3 /* GameOfLife */ = {isa = PBXFileReference; explicitFileType = "compiled.mach-o.executable"; includeInIndex = 0; path = GameOfLife; sourceTree = BUILT_PRODUCTS_DIR; };
		05394947206673AC00C20FA3 /* main.cpp */ = {isa = PBXFileReference; lastKnownFileType = sourcecode.cpp.cpp; path = main.cpp; sourceTree = "<group>"; };
		0539494F2066741900C20FA3 /* Release - ccache.xcconfig */ = {isa = PBXFileReference; lastKnownFileType = text.xcconfig; path = "Release - ccache.xcconfig"; sourceTree = "<group>"; };
		053949502066741900C20FA3 /* Common.xcconfig */ = {isa = PBXFileReference; lastKnownFileType = text.xcconfig; path = Common.xcconfig; sourceTree = "<group>"; };
		053949512066741900C20FA3 /* Debug - ccache.xcconfig */ = {isa = PBXFileReference; lastKnownFileType = text.xcconfig; path = "Debug - ccache.xcconfig"; sourceTree = "<group>"; };
		053949522066741900C20FA3 /* Debug.xcconfig */ = {isa = PBXFileReference; lastKnownFileType = text.xcconfig; path = Debug.xcconfig; sourceTree = "<group>"; };
		053949532066741900C20FA3 /* Release.xcconfig */ = {isa = PBXFileReference; lastKnownFileType = text.xcconfig; path = Release.xcconfig; sourceTree = "<group>"; };
		053949542066741900C20FA3 /* README.md */ = {isa = PBXFileReference; lastKnownFileType = net.daringfireball.markdown; path = README.md; sourceTree = "<group>"; };
		053949562066741900C20FA3 /* Signing.xcconfig */ = {isa = PBXFileReference; lastKnownFileType = text.xcconfig; path = Signing.xcconfig; sourceTree = "<group>"; };
		053949572066741900C20FA3 /* Architectures.xcconfig */ = {isa = PBXFileReference; lastKnownFileType = text.xcconfig; path = Architectures.xcconfig; sourceTree = "<group>"; };
		053949592066741900C20FA3 /* Issues.xcconfig */ = {isa = PBXFileReference; lastKnownFileType = text.xcconfig; path = Issues.xcconfig; sourceTree = "<group>"; };
		0539495B2066741900C20FA3 /* Apple-APIs.xcconfig */ = {isa = PBXFileReference; lastKnownFileType = text.xcconfig; path = "Apple-APIs.xcconfig"; sourceTree = "<group>"; };
		0539495C2066741900C20FA3 /* Generic-Issues.xcconfig */ = {isa = PBXFileReference; lastKnownFileType = text.xcconfig; path = "Generic-Issues.xcconfig"; sourceTree = "<group>"; };
		0539495D2066741900C20FA3 /* Security.xcconfig */ = {isa = PBXFileReference; lastKnownFileType = text.xcconfig; path = Security.xcconfig; sourceTree = "<group>"; };
		0539495E2066741900C20FA3 /* Objective-C.xcconfig */ = {isa = PBXFileReference; lastKnownFileType = text.xcconfig; path = "Objective-C.xcconfig"; sourceTree = "<group>"; };
		0539495F2066741900C20FA3 /* Analysis-Policy.xcconfig */ = {isa = PBXFileReference; lastKnownFileType = text.xcconfig; path = "Analysis-Policy.xcconfig"; sourceTree = "<group>"; };
		053949602066741900C20FA3 /* Deployment.xcconfig */ = {isa = PBXFileReference; lastKnownFileType = text.xcconfig; path = Deployment.xcconfig; sourceTree = "<group>"; };
		053949612066741900C20FA3 /* Build-Options.xcconfig */ = {isa = PBXFileReference; lastKnownFileType = text.xcconfig; path = "Build-Options.xcconfig"; sourceTree = "<group>"; };
		053949622066741900C20FA3 /* Swift-Compiler.xcconfig */ = {isa = PBXFileReference; lastKnownFileType = text.xcconfig; path = "Swift-Compiler.xcconfig"; sourceTree = "<group>"; };
		053949632066741900C20FA3 /* Static-Analyzer.xcconfig */ = {isa = PBXFileReference; lastKnownFileType = text.xcconfig; path = "Static-Analyzer.xcconfig"; sourceTree = "<group>"; };
		053949652066741900C20FA3 /* Warnings-Policies.xcconfig */ = {isa = PBXFileReference; lastKnownFileType = text.xcconfig; path = "Warnings-Policies.xcconfig"; sourceTree = "<group>"; };
		053949662066741900C20FA3 /* Code-Generation.xcconfig */ = {isa = PBXFileReference; lastKnownFileType = text.xcconfig; path = "Code-Generation.xcconfig"; sourceTree = "<group>"; };
		053949672066741900C20FA3 /* Language.xcconfig */ = {isa = PBXFileReference; lastKnownFileType = text.xcconfig; path = Language.xcconfig; sourceTree = "<group>"; };
		053949682066741900C20FA3 /* General.xcconfig */ = {isa = PBXFileReference; lastKnownFileType = text.xcconfig; path = General.xcconfig; sourceTree = "<group>"; };
		053949692066741900C20FA3 /* Search-Paths.xcconfig */ = {isa = PBXFileReference; lastKnownFileType = text.xcconfig; path = "Search-Paths.xcconfig"; sourceTree = "<group>"; };
		0539496A2066741900C20FA3 /* Apple-LLVM.xcconfig */ = {isa = PBXFileReference; lastKnownFileType = text.xcconfig; path = "Apple-LLVM.xcconfig"; sourceTree = "<group>"; };
		0539496D2066741900C20FA3 /* Modules.xcconfig */ = {isa = PBXFileReference; lastKnownFileType = text.xcconfig; path = Modules.xcconfig; sourceTree = "<group>"; };
		0539496E2066741900C20FA3 /* Objective-C.xcconfig */ = {isa = PBXFileReference; lastKnownFileType = text.xcconfig; path = "Objective-C.xcconfig"; sourceTree = "<group>"; };
		0539496F2066741900C20FA3 /* C++.xcconfig */ = {isa = PBXFileReference; lastKnownFileType = text.xcconfig; path = "C++.xcconfig"; sourceTree = "<group>"; };
		053949702066741900C20FA3 /* Code-Generation.xcconfig */ = {isa = PBXFileReference; lastKnownFileType = text.xcconfig; path = "Code-Generation.xcconfig"; sourceTree = "<group>"; };
		053949712066741900C20FA3 /* Address-Sanitizer.xcconfig */ = {isa = PBXFileReference; lastKnownFileType = text.xcconfig; path = "Address-Sanitizer.xcconfig"; sourceTree = "<group>"; };
		053949722066741900C20FA3 /* Language.xcconfig */ = {isa = PBXFileReference; lastKnownFileType = text.xcconfig; path = Language.xcconfig; sourceTree = "<group>"; };
		053949732066741900C20FA3 /* Warnings.xcconfig */ = {isa = PBXFileReference; lastKnownFileType = text.xcconfig; path = Warnings.xcconfig; sourceTree = "<group>"; };
		053949742066741900C20FA3 /* Undefined-Behavior-Sanitizer.xcconfig */ = {isa = PBXFileReference; lastKnownFileType = text.xcconfig; path = "Undefined-Behavior-Sanitizer.xcconfig"; sourceTree = "<group>"; };
		053949752066741900C20FA3 /* Warning-Policies.xcconfig */ = {isa = PBXFileReference; lastKnownFileType = text.xcconfig; path = "Warning-Policies.xcconfig"; sourceTree = "<group>"; };
		053949772066741900C20FA3 /* Objective-C-ARC.xcconfig */ = {isa = PBXFileReference; lastKnownFileType = text.xcconfig; path = "Objective-C-ARC.xcconfig"; sourceTree = "<group>"; };
		053949782066741900C20FA3 /* Objective-C.xcconfig */ = {isa = PBXFileReference; lastKnownFileType = text.xcconfig; path = "Objective-C.xcconfig"; sourceTree = "<group>"; };
		053949792066741900C20FA3 /* C++.xcconfig */ = {isa = PBXFileReference; lastKnownFileType = text.xcconfig; path = "C++.xcconfig"; sourceTree = "<group>"; };
		0539497A2066741900C20FA3 /* All-Languages.xcconfig */ = {isa = PBXFileReference; lastKnownFileType = text.xcconfig; path = "All-Languages.xcconfig"; sourceTree = "<group>"; };
		0539497B2066741900C20FA3 /* Preprocessing.xcconfig */ = {isa = PBXFileReference; lastKnownFileType = text.xcconfig; path = Preprocessing.xcconfig; sourceTree = "<group>"; };
		0539497C2066741900C20FA3 /* .gitignore */ = {isa = PBXFileReference; lastKnownFileType = text; path = .gitignore; sourceTree = "<group>"; };
		0539497E2066741900C20FA3 /* ccache-config.sh */ = {isa = PBXFileReference; lastKnownFileType = text.script.sh; path = "ccache-config.sh"; sourceTree = "<group>"; };
		0539497F2066741900C20FA3 /* ccache.sh */ = {isa = PBXFileReference; lastKnownFileType = text.script.sh; path = ccache.sh; sourceTree = "<group>"; };
		053949872066752C00C20FA3 /* libncurses.tbd */ = {isa = PBXFileReference; lastKnownFileType = "sourcecode.text-based-dylib-definition"; name = libncurses.tbd; path = usr/lib/libncurses.tbd; sourceTree = SDKROOT; };
		0539498A20667A9F00C20FA3 /* Cell.cpp */ = {isa = PBXFileReference; lastKnownFileType = sourcecode.cpp.cpp; path = Cell.cpp; sourceTree = "<group>"; };
		0539498B20667A9F00C20FA3 /* Cell.hpp */ = {isa = PBXFileReference; lastKnownFileType = sourcecode.cpp.h; path = Cell.hpp; sourceTree = "<group>"; };
		0539498D20667B6D00C20FA3 /* Grid.cpp */ = {isa = PBXFileReference; lastKnownFileType = sourcecode.cpp.cpp; path = Grid.cpp; sourceTree = "<group>"; };
		0539498E20667B6D00C20FA3 /* Grid.hpp */ = {isa = PBXFileReference; lastKnownFileType = sourcecode.cpp.h; path = Grid.hpp; sourceTree = "<group>"; };
		0539499020667EFA00C20FA3 /* Screen.cpp */ = {isa = PBXFileReference; fileEncoding = 4; lastKnownFileType = sourcecode.cpp.cpp; path = Screen.cpp; sourceTree = "<group>"; };
		0539499120667EFA00C20FA3 /* Screen.hpp */ = {isa = PBXFileReference; fileEncoding = 4; lastKnownFileType = sourcecode.cpp.h; path = Screen.hpp; sourceTree = "<group>"; };
		0539499320667F8F00C20FA3 /* libc++.tbd */ = {isa = PBXFileReference; lastKnownFileType = "sourcecode.text-based-dylib-definition"; name = "libc++.tbd"; path = "usr/lib/libc++.tbd"; sourceTree = SDKROOT; };
		05394995206697C100C20FA3 /* OptionalReference.hpp */ = {isa = PBXFileReference; lastKnownFileType = sourcecode.cpp.h; path = OptionalReference.hpp; sourceTree = "<group>"; };
		053949C82066C53700C20FA3 /* README.md */ = {isa = PBXFileReference; fileEncoding = 4; lastKnownFileType = net.daringfireball.markdown; path = README.md; sourceTree = "<group>"; };
		053949C92066C53700C20FA3 /* LICENSE */ = {isa = PBXFileReference; fileEncoding = 4; lastKnownFileType = text; path = LICENSE; sourceTree = "<group>"; };
		053949CA2067F02B00C20FA3 /* Board.hpp */ = {isa = PBXFileReference; fileEncoding = 4; lastKnownFileType = sourcecode.cpp.h; path = Board.hpp; sourceTree = "<group>"; };
		053949CB2067F02B00C20FA3 /* Board.cpp */ = {isa = PBXFileReference; fileEncoding = 4; lastKnownFileType = sourcecode.cpp.cpp; path = Board.cpp; sourceTree = "<group>"; };
		054607B62089171700D11485 /* Library.json */ = {isa = PBXFileReference; fileEncoding = 4; lastKnownFileType = text.json; path = Library.json; sourceTree = "<group>"; };
		05949A6E20853A2F00DC9C39 /* LibraryViewController.swift */ = {isa = PBXFileReference; fileEncoding = 4; lastKnownFileType = sourcecode.swift; path = LibraryViewController.swift; sourceTree = "<group>"; };
		05949A7420853A6F00DC9C39 /* Base */ = {isa = PBXFileReference; lastKnownFileType = file.xib; name = Base; path = Base.lproj/GOL.LibraryViewController.xib; sourceTree = "<group>"; };
		05949A7620853ED300DC9C39 /* ColorView.swift */ = {isa = PBXFileReference; lastKnownFileType = sourcecode.swift; path = ColorView.swift; sourceTree = "<group>"; };
		05F05FE420899B8300337CB6 /* LibraryWindowController.swift */ = {isa = PBXFileReference; lastKnownFileType = sourcecode.swift; path = LibraryWindowController.swift; sourceTree = "<group>"; };
		05F05FE720899BBF00337CB6 /* Base */ = {isa = PBXFileReference; lastKnownFileType = file.xib; name = Base; path = Base.lproj/GOL.LibraryWindowController.xib; sourceTree = "<group>"; };
		05F05FEA2089AB1000337CB6 /* RulerView.swift */ = {isa = PBXFileReference; lastKnownFileType = sourcecode.swift; path = RulerView.swift; sourceTree = "<group>"; };
/* End PBXFileReference section */

/* Begin PBXFrameworksBuildPhase section */
		0529D8B62068EA020072B1A5 /* Frameworks */ = {
			isa = PBXFrameworksBuildPhase;
			buildActionMask = 2147483647;
			files = (
			);
			runOnlyForDeploymentPostprocessing = 0;
		};
		05394941206673AC00C20FA3 /* Frameworks */ = {
			isa = PBXFrameworksBuildPhase;
			buildActionMask = 2147483647;
			files = (
				0539499420667F8F00C20FA3 /* libc++.tbd in Frameworks */,
				053949882066752C00C20FA3 /* libncurses.tbd in Frameworks */,
			);
			runOnlyForDeploymentPostprocessing = 0;
		};
/* End PBXFrameworksBuildPhase section */

/* Begin PBXGroup section */
		0529D8BA2068EA020072B1A5 /* Game Of Life - App */ = {
			isa = PBXGroup;
			children = (
				0529D8C82068EAC70072B1A5 /* Classes */,
				0529D8C72068EAC70072B1A5 /* UI */,
				0529D8C22068EA020072B1A5 /* Info.plist */,
				052B0733206D829800935104 /* Defaults.plist */,
				052EDC05208A530D002B48AF /* Library */,
				054607B62089171700D11485 /* Library.json */,
			);
			path = "Game Of Life - App";
			sourceTree = "<group>";
		};
		0529D8C72068EAC70072B1A5 /* UI */ = {
			isa = PBXGroup;
			children = (
				0535DAE52071237300184579 /* Images */,
				052B0721206D805400935104 /* GOL.AboutWindowController.xib */,
				05949A7320853A6F00DC9C39 /* GOL.LibraryViewController.xib */,
				0535715920697963002178E3 /* GOL.MainWindowController.xib */,
				05F05FE620899BBF00337CB6 /* GOL.LibraryWindowController.xib */,
				052B0737206D885800935104 /* GOL.PreferencesWindowController.xib */,
				0529D8BF2068EA020072B1A5 /* MainMenu.xib */,
			);
			path = UI;
			sourceTree = "<group>";
		};
		0529D8C82068EAC70072B1A5 /* Classes */ = {
			isa = PBXGroup;
			children = (
				052B0723206D806B00935104 /* AboutWindowController.swift */,
				0529D8C92068EAE90072B1A5 /* ApplicationDelegate.swift */,
				05357168206A347C002178E3 /* Array.swift */,
				05949A7620853ED300DC9C39 /* ColorView.swift */,
				05356FDA20692A3B002178E3 /* ContiguousArray.swift */,
				0532BC1D206EB60400807903 /* Data.swift */,
				0529D8CD2068EB8A0072B1A5 /* Grid.swift */,
				0535715D20697CF5002178E3 /* GridView.swift */,
				052D1A16208544290076E3E3 /* LibraryItem.swift */,
				0531D6ED20866ED500C86639 /* LibraryItemView.swift */,
				05949A6E20853A2F00DC9C39 /* LibraryViewController.swift */,
				05F05FE420899B8300337CB6 /* LibraryWindowController.swift */,
				05F05FEA2089AB1000337CB6 /* RulerView.swift */,
				053571572069792A002178E3 /* MainWindowController.swift */,
				0535715F20698C81002178E3 /* NSColor.swift */,
				052B0727206D81DC00935104 /* Preferences.swift */,
				051DB8B32072824500963D88 /* PreferencesColorItem.swift */,
				052B073A206D886700935104 /* PreferencesWindowController.swift */,
			);
			path = Classes;
			sourceTree = "<group>";
		};
		0535DAE52071237300184579 /* Images */ = {
			isa = PBXGroup;
			children = (
				0535DAE82071246900184579 /* GOL-Save.icns */,
				0535DAE62071237300184579 /* GOL.icns */,
			);
			path = Images;
			sourceTree = "<group>";
		};
		0539493B206673AC00C20FA3 = {
			isa = PBXGroup;
			children = (
				0532BC1C206EB35100807903 /* Game Of Life.entitlements */,
				053949C92066C53700C20FA3 /* LICENSE */,
				053949C82066C53700C20FA3 /* README.md */,
				0539494E2066741900C20FA3 /* xcconfig */,
				0529D8BA2068EA020072B1A5 /* Game Of Life - App */,
				05394946206673AC00C20FA3 /* Game Of Life - CLI */,
				05394945206673AC00C20FA3 /* Products */,
				053949862066752C00C20FA3 /* Frameworks */,
			);
			sourceTree = "<group>";
		};
		05394945206673AC00C20FA3 /* Products */ = {
			isa = PBXGroup;
			children = (
				05394944206673AC00C20FA3 /* GameOfLife */,
				0529D8B92068EA020072B1A5 /* Game Of Life.app */,
			);
			name = Products;
			sourceTree = "<group>";
		};
		05394946206673AC00C20FA3 /* Game Of Life - CLI */ = {
			isa = PBXGroup;
			children = (
				0539498920667A9500C20FA3 /* Classes */,
				05394947206673AC00C20FA3 /* main.cpp */,
			);
			path = "Game Of Life - CLI";
			sourceTree = "<group>";
		};
		0539494E2066741900C20FA3 /* xcconfig */ = {
			isa = PBXGroup;
			children = (
				0539494F2066741900C20FA3 /* Release - ccache.xcconfig */,
				053949502066741900C20FA3 /* Common.xcconfig */,
				053949512066741900C20FA3 /* Debug - ccache.xcconfig */,
				053949522066741900C20FA3 /* Debug.xcconfig */,
				053949532066741900C20FA3 /* Release.xcconfig */,
				053949542066741900C20FA3 /* README.md */,
				053949552066741900C20FA3 /* Common */,
				0539497C2066741900C20FA3 /* .gitignore */,
				0539497D2066741900C20FA3 /* Scripts */,
			);
			name = xcconfig;
			path = Submodules/xcconfig;
			sourceTree = "<group>";
		};
		053949552066741900C20FA3 /* Common */ = {
			isa = PBXGroup;
			children = (
				053949562066741900C20FA3 /* Signing.xcconfig */,
				053949572066741900C20FA3 /* Architectures.xcconfig */,
				053949582066741900C20FA3 /* Static-Analyzer */,
				053949602066741900C20FA3 /* Deployment.xcconfig */,
				053949612066741900C20FA3 /* Build-Options.xcconfig */,
				053949622066741900C20FA3 /* Swift-Compiler.xcconfig */,
				053949632066741900C20FA3 /* Static-Analyzer.xcconfig */,
				053949642066741900C20FA3 /* Swift-Compiler */,
				053949692066741900C20FA3 /* Search-Paths.xcconfig */,
				0539496A2066741900C20FA3 /* Apple-LLVM.xcconfig */,
				0539496B2066741900C20FA3 /* Apple-LLVM */,
			);
			path = Common;
			sourceTree = "<group>";
		};
		053949582066741900C20FA3 /* Static-Analyzer */ = {
			isa = PBXGroup;
			children = (
				053949592066741900C20FA3 /* Issues.xcconfig */,
				0539495A2066741900C20FA3 /* Issues */,
			);
			path = "Static-Analyzer";
			sourceTree = "<group>";
		};
		0539495A2066741900C20FA3 /* Issues */ = {
			isa = PBXGroup;
			children = (
				0539495B2066741900C20FA3 /* Apple-APIs.xcconfig */,
				0539495C2066741900C20FA3 /* Generic-Issues.xcconfig */,
				0539495D2066741900C20FA3 /* Security.xcconfig */,
				0539495E2066741900C20FA3 /* Objective-C.xcconfig */,
				0539495F2066741900C20FA3 /* Analysis-Policy.xcconfig */,
			);
			path = Issues;
			sourceTree = "<group>";
		};
		053949642066741900C20FA3 /* Swift-Compiler */ = {
			isa = PBXGroup;
			children = (
				053949652066741900C20FA3 /* Warnings-Policies.xcconfig */,
				053949662066741900C20FA3 /* Code-Generation.xcconfig */,
				053949672066741900C20FA3 /* Language.xcconfig */,
				053949682066741900C20FA3 /* General.xcconfig */,
			);
			path = "Swift-Compiler";
			sourceTree = "<group>";
		};
		0539496B2066741900C20FA3 /* Apple-LLVM */ = {
			isa = PBXGroup;
			children = (
				0539496C2066741900C20FA3 /* Language */,
				053949702066741900C20FA3 /* Code-Generation.xcconfig */,
				053949712066741900C20FA3 /* Address-Sanitizer.xcconfig */,
				053949722066741900C20FA3 /* Language.xcconfig */,
				053949732066741900C20FA3 /* Warnings.xcconfig */,
				053949742066741900C20FA3 /* Undefined-Behavior-Sanitizer.xcconfig */,
				053949752066741900C20FA3 /* Warning-Policies.xcconfig */,
				053949762066741900C20FA3 /* Warnings */,
				0539497B2066741900C20FA3 /* Preprocessing.xcconfig */,
			);
			path = "Apple-LLVM";
			sourceTree = "<group>";
		};
		0539496C2066741900C20FA3 /* Language */ = {
			isa = PBXGroup;
			children = (
				0539496D2066741900C20FA3 /* Modules.xcconfig */,
				0539496E2066741900C20FA3 /* Objective-C.xcconfig */,
				0539496F2066741900C20FA3 /* C++.xcconfig */,
			);
			path = Language;
			sourceTree = "<group>";
		};
		053949762066741900C20FA3 /* Warnings */ = {
			isa = PBXGroup;
			children = (
				053949772066741900C20FA3 /* Objective-C-ARC.xcconfig */,
				053949782066741900C20FA3 /* Objective-C.xcconfig */,
				053949792066741900C20FA3 /* C++.xcconfig */,
				0539497A2066741900C20FA3 /* All-Languages.xcconfig */,
			);
			path = Warnings;
			sourceTree = "<group>";
		};
		0539497D2066741900C20FA3 /* Scripts */ = {
			isa = PBXGroup;
			children = (
				0539497E2066741900C20FA3 /* ccache-config.sh */,
				0539497F2066741900C20FA3 /* ccache.sh */,
			);
			path = Scripts;
			sourceTree = "<group>";
		};
		053949862066752C00C20FA3 /* Frameworks */ = {
			isa = PBXGroup;
			children = (
				0539499320667F8F00C20FA3 /* libc++.tbd */,
				053949872066752C00C20FA3 /* libncurses.tbd */,
			);
			name = Frameworks;
			sourceTree = "<group>";
		};
		0539498920667A9500C20FA3 /* Classes */ = {
			isa = PBXGroup;
			children = (
				053949CB2067F02B00C20FA3 /* Board.cpp */,
				053949CA2067F02B00C20FA3 /* Board.hpp */,
				0539498A20667A9F00C20FA3 /* Cell.cpp */,
				0539498B20667A9F00C20FA3 /* Cell.hpp */,
				0539498D20667B6D00C20FA3 /* Grid.cpp */,
				0539498E20667B6D00C20FA3 /* Grid.hpp */,
				05394995206697C100C20FA3 /* OptionalReference.hpp */,
				0539499020667EFA00C20FA3 /* Screen.cpp */,
				0539499120667EFA00C20FA3 /* Screen.hpp */,
			);
			path = Classes;
			sourceTree = "<group>";
		};
/* End PBXGroup section */

/* Begin PBXNativeTarget section */
		0529D8B82068EA020072B1A5 /* Game Of Life */ = {
			isa = PBXNativeTarget;
			buildConfigurationList = 0529D8C62068EA020072B1A5 /* Build configuration list for PBXNativeTarget "Game Of Life" */;
			buildPhases = (
				0529D8B52068EA020072B1A5 /* Sources */,
				0529D8B62068EA020072B1A5 /* Frameworks */,
				0529D8B72068EA020072B1A5 /* Resources */,
				0535DAF12071255600184579 /* ShellScript */,
			);
			buildRules = (
			);
			dependencies = (
			);
			name = "Game Of Life";
			productName = "Game Of Life";
			productReference = 0529D8B92068EA020072B1A5 /* Game Of Life.app */;
			productType = "com.apple.product-type.application";
		};
		05394943206673AC00C20FA3 /* GameOfLife */ = {
			isa = PBXNativeTarget;
			buildConfigurationList = 0539494B206673AC00C20FA3 /* Build configuration list for PBXNativeTarget "GameOfLife" */;
			buildPhases = (
				05394940206673AC00C20FA3 /* Sources */,
				05394941206673AC00C20FA3 /* Frameworks */,
				05394942206673AC00C20FA3 /* CopyFiles */,
			);
			buildRules = (
			);
			dependencies = (
			);
			name = GameOfLife;
			productName = GameOfLife;
			productReference = 05394944206673AC00C20FA3 /* GameOfLife */;
			productType = "com.apple.product-type.tool";
		};
/* End PBXNativeTarget section */

/* Begin PBXProject section */
		0539493C206673AC00C20FA3 /* Project object */ = {
			isa = PBXProject;
			attributes = {
				LastSwiftUpdateCheck = 0920;
				LastUpgradeCheck = 0930;
				ORGANIZATIONNAME = "XS-Labs";
				TargetAttributes = {
					0529D8B82068EA020072B1A5 = {
						CreatedOnToolsVersion = 9.2;
						LastSwiftMigration = 0920;
						ProvisioningStyle = Automatic;
						SystemCapabilities = {
							com.apple.Sandbox = {
								enabled = 1;
							};
						};
					};
					05394943206673AC00C20FA3 = {
						CreatedOnToolsVersion = 9.2;
						LastSwiftMigration = 0920;
						ProvisioningStyle = Automatic;
					};
				};
			};
			buildConfigurationList = 0539493F206673AC00C20FA3 /* Build configuration list for PBXProject "GameOfLife" */;
			compatibilityVersion = "Xcode 8.0";
			developmentRegion = en;
			hasScannedForEncodings = 0;
			knownRegions = (
				en,
				Base,
			);
			mainGroup = 0539493B206673AC00C20FA3;
			productRefGroup = 05394945206673AC00C20FA3 /* Products */;
			projectDirPath = "";
			projectRoot = "";
			targets = (
				0529D8B82068EA020072B1A5 /* Game Of Life */,
				05394943206673AC00C20FA3 /* GameOfLife */,
			);
		};
/* End PBXProject section */

/* Begin PBXResourcesBuildPhase section */
		0529D8B72068EA020072B1A5 /* Resources */ = {
			isa = PBXResourcesBuildPhase;
			buildActionMask = 2147483647;
			files = (
				052EDC06208A530D002B48AF /* Library in Resources */,
				054607B72089171700D11485 /* Library.json in Resources */,
				0535DAE92071248100184579 /* GOL-Save.icns in Resources */,
				05949A7520853A6F00DC9C39 /* GOL.LibraryViewController.xib in Resources */,
				052B0726206D816F00935104 /* GOL.AboutWindowController.xib in Resources */,
				052B0739206D885800935104 /* GOL.PreferencesWindowController.xib in Resources */,
				05F05FE820899BBF00337CB6 /* GOL.LibraryWindowController.xib in Resources */,
				052B0734206D829800935104 /* Defaults.plist in Resources */,
				0535DAE72071238A00184579 /* GOL.icns in Resources */,
				0535715B20697963002178E3 /* GOL.MainWindowController.xib in Resources */,
				0529D8C12068EA020072B1A5 /* MainMenu.xib in Resources */,
			);
			runOnlyForDeploymentPostprocessing = 0;
		};
/* End PBXResourcesBuildPhase section */

/* Begin PBXShellScriptBuildPhase section */
		0535DAF12071255600184579 /* ShellScript */ = {
			isa = PBXShellScriptBuildPhase;
			buildActionMask = 2147483647;
			files = (
			);
			inputPaths = (
			);
			outputPaths = (
			);
			runOnlyForDeploymentPostprocessing = 0;
			shellPath = /bin/sh;
			shellScript = "#!/bin/bash\nif [ \"${CONFIGURATION}\" = \"Release\" ]; then\n    plist=\"Game Of Life - App/Info.plist\"\n    rev=$(git rev-list `git branch | grep -e \"^*\" | cut -d' ' -f 2` | wc -l)\n    /usr/libexec/PlistBuddy -c \"Set :CFBundleVersion $rev\" \"$plist\"\nfi";
		};
/* End PBXShellScriptBuildPhase section */

/* Begin PBXSourcesBuildPhase section */
		0529D8B52068EA020072B1A5 /* Sources */ = {
			isa = PBXSourcesBuildPhase;
			buildActionMask = 2147483647;
			files = (
				052D1A17208544290076E3E3 /* LibraryItem.swift in Sources */,
				05F05FEB2089AB1000337CB6 /* RulerView.swift in Sources */,
				0529D8CA2068EAE90072B1A5 /* ApplicationDelegate.swift in Sources */,
				052B073B206D886700935104 /* PreferencesWindowController.swift in Sources */,
				05949A7720853ED300DC9C39 /* ColorView.swift in Sources */,
				052B0732206D81E600935104 /* Preferences.swift in Sources */,
				0529D8CE2068EB8A0072B1A5 /* Grid.swift in Sources */,
				05949A6F20853A2F00DC9C39 /* LibraryViewController.swift in Sources */,
				05356FDB20692A3B002178E3 /* ContiguousArray.swift in Sources */,
				0535716020698C81002178E3 /* NSColor.swift in Sources */,
				0532BC1F206EB60800807903 /* Data.swift in Sources */,
				051DB8B42072824500963D88 /* PreferencesColorItem.swift in Sources */,
				05F05FE520899B8300337CB6 /* LibraryWindowController.swift in Sources */,
				05357169206A347C002178E3 /* Array.swift in Sources */,
				052B0725206D806E00935104 /* AboutWindowController.swift in Sources */,
				0535715E20697CF5002178E3 /* GridView.swift in Sources */,
				053571582069792A002178E3 /* MainWindowController.swift in Sources */,
				0531D6EE20866ED500C86639 /* LibraryItemView.swift in Sources */,
			);
			runOnlyForDeploymentPostprocessing = 0;
		};
		05394940206673AC00C20FA3 /* Sources */ = {
			isa = PBXSourcesBuildPhase;
			buildActionMask = 2147483647;
			files = (
				05394948206673AC00C20FA3 /* main.cpp in Sources */,
				0539498C20667A9F00C20FA3 /* Cell.cpp in Sources */,
				053949CC2067F02C00C20FA3 /* Board.cpp in Sources */,
				0539499220667EFA00C20FA3 /* Screen.cpp in Sources */,
				053949CD2067F3FF00C20FA3 /* Grid.cpp in Sources */,
			);
			runOnlyForDeploymentPostprocessing = 0;
		};
/* End PBXSourcesBuildPhase section */

/* Begin PBXVariantGroup section */
		0529D8BF2068EA020072B1A5 /* MainMenu.xib */ = {
			isa = PBXVariantGroup;
			children = (
				0529D8C02068EA020072B1A5 /* Base */,
			);
			name = MainMenu.xib;
			sourceTree = "<group>";
		};
		052B0721206D805400935104 /* GOL.AboutWindowController.xib */ = {
			isa = PBXVariantGroup;
			children = (
				052B0722206D805400935104 /* Base */,
			);
			name = GOL.AboutWindowController.xib;
			sourceTree = "<group>";
		};
		052B0737206D885800935104 /* GOL.PreferencesWindowController.xib */ = {
			isa = PBXVariantGroup;
			children = (
				052B0738206D885800935104 /* Base */,
			);
			name = GOL.PreferencesWindowController.xib;
			sourceTree = "<group>";
		};
		0535715920697963002178E3 /* GOL.MainWindowController.xib */ = {
			isa = PBXVariantGroup;
			children = (
				0535715A20697963002178E3 /* Base */,
			);
			name = GOL.MainWindowController.xib;
			sourceTree = "<group>";
		};
		05949A7320853A6F00DC9C39 /* GOL.LibraryViewController.xib */ = {
			isa = PBXVariantGroup;
			children = (
				05949A7420853A6F00DC9C39 /* Base */,
			);
			name = GOL.LibraryViewController.xib;
			sourceTree = "<group>";
		};
		05F05FE620899BBF00337CB6 /* GOL.LibraryWindowController.xib */ = {
			isa = PBXVariantGroup;
			children = (
				05F05FE720899BBF00337CB6 /* Base */,
			);
			name = GOL.LibraryWindowController.xib;
			sourceTree = "<group>";
		};
/* End PBXVariantGroup section */

/* Begin XCBuildConfiguration section */
		0529D8C42068EA020072B1A5 /* Debug */ = {
			isa = XCBuildConfiguration;
			buildSettings = {
				CLANG_ENABLE_MODULES = YES;
				CODE_SIGN_ENTITLEMENTS = "Game Of Life.entitlements";
				CODE_SIGN_IDENTITY = "Mac Developer";
				CODE_SIGN_STYLE = Automatic;
				DEVELOPMENT_TEAM = 326Y53CJMD;
				IBC_MODULE = GOL;
				INFOPLIST_FILE = "Game Of Life - App/Info.plist";
				LD_RUNPATH_SEARCH_PATHS = "$(inherited) @executable_path/../Frameworks";
				PRODUCT_BUNDLE_IDENTIFIER = "com.xs-labs.Game-Of-Life";
				PRODUCT_MODULE_NAME = GOL;
				PRODUCT_NAME = "$(TARGET_NAME)";
			};
			name = Debug;
		};
		0529D8C52068EA020072B1A5 /* Release */ = {
			isa = XCBuildConfiguration;
			buildSettings = {
				CLANG_ENABLE_MODULES = YES;
				CODE_SIGN_ENTITLEMENTS = "Game Of Life.entitlements";
				CODE_SIGN_IDENTITY = "Mac Developer";
				CODE_SIGN_STYLE = Automatic;
				DEVELOPMENT_TEAM = 326Y53CJMD;
				IBC_MODULE = GOL;
				INFOPLIST_FILE = "Game Of Life - App/Info.plist";
				LD_RUNPATH_SEARCH_PATHS = "$(inherited) @executable_path/../Frameworks";
				PRODUCT_BUNDLE_IDENTIFIER = "com.xs-labs.Game-Of-Life";
				PRODUCT_MODULE_NAME = GOL;
				PRODUCT_NAME = "$(TARGET_NAME)";
			};
			name = Release;
		};
		05394949206673AC00C20FA3 /* Debug */ = {
			isa = XCBuildConfiguration;
			baseConfigurationReference = 053949512066741900C20FA3 /* Debug - ccache.xcconfig */;
			buildSettings = {
			};
			name = Debug;
		};
		0539494A206673AC00C20FA3 /* Release */ = {
			isa = XCBuildConfiguration;
			baseConfigurationReference = 0539494F2066741900C20FA3 /* Release - ccache.xcconfig */;
			buildSettings = {
				GCC_OPTIMIZATION_LEVEL = fast;
			};
			name = Release;
		};
		0539494C206673AC00C20FA3 /* Debug */ = {
			isa = XCBuildConfiguration;
			buildSettings = {
				CLANG_ENABLE_MODULES = YES;
				LD_RUNPATH_SEARCH_PATHS = "$(inherited) @executable_path/../Frameworks @loader_path/../Frameworks";
				PRODUCT_NAME = "$(TARGET_NAME)";
				SWIFT_COMPILATION_MODE = singlefile;
				SWIFT_VERSION = 3.0;
			};
			name = Debug;
		};
		0539494D206673AC00C20FA3 /* Release */ = {
			isa = XCBuildConfiguration;
			buildSettings = {
				CLANG_ENABLE_MODULES = YES;
				LD_RUNPATH_SEARCH_PATHS = "$(inherited) @executable_path/../Frameworks @loader_path/../Frameworks";
				PRODUCT_NAME = "$(TARGET_NAME)";
				SWIFT_VERSION = 3.0;
			};
			name = Release;
		};
/* End XCBuildConfiguration section */

/* Begin XCConfigurationList section */
		0529D8C62068EA020072B1A5 /* Build configuration list for PBXNativeTarget "Game Of Life" */ = {
			isa = XCConfigurationList;
			buildConfigurations = (
				0529D8C42068EA020072B1A5 /* Debug */,
				0529D8C52068EA020072B1A5 /* Release */,
			);
			defaultConfigurationIsVisible = 0;
			defaultConfigurationName = Release;
		};
		0539493F206673AC00C20FA3 /* Build configuration list for PBXProject "GameOfLife" */ = {
			isa = XCConfigurationList;
			buildConfigurations = (
				05394949206673AC00C20FA3 /* Debug */,
				0539494A206673AC00C20FA3 /* Release */,
			);
			defaultConfigurationIsVisible = 0;
			defaultConfigurationName = Release;
		};
		0539494B206673AC00C20FA3 /* Build configuration list for PBXNativeTarget "GameOfLife" */ = {
			isa = XCConfigurationList;
			buildConfigurations = (
				0539494C206673AC00C20FA3 /* Debug */,
				0539494D206673AC00C20FA3 /* Release */,
			);
			defaultConfigurationIsVisible = 0;
			defaultConfigurationName = Release;
		};
/* End XCConfigurationList section */
	};
	rootObject = 0539493C206673AC00C20FA3 /* Project object */;
}
